
Microsoft Visual Studio Solution File, Format Version 12.00
# Visual Studio 2012
Project("{9092AA53-FB77-4645-B42D-1CCCA6BD08BD}") = "hackathon-starter", "hackathon-starter.njsproj", "{923F73E1-18AD-4B04-A87D-5C7486E4B9F3}"
EndProject
Global
	GlobalSection(SolutionConfigurationPlatforms) = preSolution
		Debug|Any CPU = Debug|Any CPU
		Release|Any CPU = Release|Any CPU
	EndGlobalSection
	GlobalSection(ProjectConfigurationPlatforms) = postSolution
		{923F73E1-18AD-4B04-A87D-5C7486E4B9F3}.Debug|Any CPU.ActiveCfg = Debug|Any CPU
		{923F73E1-18AD-4B04-A87D-5C7486E4B9F3}.Debug|Any CPU.Build.0 = Debug|Any CPU
		{923F73E1-18AD-4B04-A87D-5C7486E4B9F3}.Release|Any CPU.ActiveCfg = Release|Any CPU
		{923F73E1-18AD-4B04-A87D-5C7486E4B9F3}.Release|Any CPU.Build.0 = Release|Any CPU
	EndGlobalSection
	GlobalSection(SolutionProperties) = preSolution
		HideSolutionNode = FALSE
	EndGlobalSection
EndGlobal
